
Microsoft Visual Studio Solution File, Format Version 12.00
# Visual Studio Version 17
VisualStudioVersion = 17.5.33530.505
MinimumVisualStudioVersion = 10.0.40219.1
Project("{FAE04EC0-301F-11D3-BF4B-00C04F79EFBC}") = "LensSimulator", "LensSimulator.csproj", "{84EAEABF-5D71-4008-AB93-7D9C968D2CD1}"
EndProject
Project("{8BC9CEB8-8B4A-11D0-8D11-00A0C91BC942}") = "GraphicsEngine", "GraphicsEngine\GraphicsEngine.vcxproj", "{64F171AD-A8BF-4961-AF22-2416D0CCB066}"
EndProject
Global
	GlobalSection(SolutionConfigurationPlatforms) = preSolution
		Debug|Any CPU = Debug|Any CPU
		Debug|x64 = Debug|x64
		Debug|x86 = Debug|x86
		Release|Any CPU = Release|Any CPU
		Release|x64 = Release|x64
		Release|x86 = Release|x86
	EndGlobalSection
	GlobalSection(ProjectConfigurationPlatforms) = postSolution
		{84EAEABF-5D71-4008-AB93-7D9C968D2CD1}.Debug|Any CPU.ActiveCfg = Debug|Any CPU
		{84EAEABF-5D71-4008-AB93-7D9C968D2CD1}.Debug|Any CPU.Build.0 = Debug|Any CPU
		{84EAEABF-5D71-4008-AB93-7D9C968D2CD1}.Debug|x64.ActiveCfg = Debug|Any CPU
		{84EAEABF-5D71-4008-AB93-7D9C968D2CD1}.Debug|x64.Build.0 = Debug|Any CPU
		{84EAEABF-5D71-4008-AB93-7D9C968D2CD1}.Debug|x86.ActiveCfg = Debug|Any CPU
		{84EAEABF-5D71-4008-AB93-7D9C968D2CD1}.Debug|x86.Build.0 = Debug|Any CPU
		{84EAEABF-5D71-4008-AB93-7D9C968D2CD1}.Release|Any CPU.ActiveCfg = Release|Any CPU
		{84EAEABF-5D71-4008-AB93-7D9C968D2CD1}.Release|Any CPU.Build.0 = Release|Any CPU
		{84EAEABF-5D71-4008-AB93-7D9C968D2CD1}.Release|x64.ActiveCfg = Release|Any CPU
		{84EAEABF-5D71-4008-AB93-7D9C968D2CD1}.Release|x64.Build.0 = Release|Any CPU
		{84EAEABF-5D71-4008-AB93-7D9C968D2CD1}.Release|x86.ActiveCfg = Release|Any CPU
		{84EAEABF-5D71-4008-AB93-7D9C968D2CD1}.Release|x86.Build.0 = Release|Any CPU
		{64F171AD-A8BF-4961-AF22-2416D0CCB066}.Debug|Any CPU.ActiveCfg = Debug|x64
		{64F171AD-A8BF-4961-AF22-2416D0CCB066}.Debug|Any CPU.Build.0 = Debug|x64
		{64F171AD-A8BF-4961-AF22-2416D0CCB066}.Debug|x64.ActiveCfg = Debug|x64
		{64F171AD-A8BF-4961-AF22-2416D0CCB066}.Debug|x64.Build.0 = Debug|x64
		{64F171AD-A8BF-4961-AF22-2416D0CCB066}.Debug|x86.ActiveCfg = Debug|Win32
		{64F171AD-A8BF-4961-AF22-2416D0CCB066}.Debug|x86.Build.0 = Debug|Win32
		{64F171AD-A8BF-4961-AF22-2416D0CCB066}.Release|Any CPU.ActiveCfg = Release|x64
		{64F171AD-A8BF-4961-AF22-2416D0CCB066}.Release|Any CPU.Build.0 = Release|x64
		{64F171AD-A8BF-4961-AF22-2416D0CCB066}.Release|x64.ActiveCfg = Release|x64
		{64F171AD-A8BF-4961-AF22-2416D0CCB066}.Release|x64.Build.0 = Release|x64
		{64F171AD-A8BF-4961-AF22-2416D0CCB066}.Release|x86.ActiveCfg = Release|Win32
		{64F171AD-A8BF-4961-AF22-2416D0CCB066}.Release|x86.Build.0 = Release|Win32
	EndGlobalSection
	GlobalSection(SolutionProperties) = preSolution
		HideSolutionNode = FALSE
	EndGlobalSection
	GlobalSection(ExtensibilityGlobals) = postSolution
		SolutionGuid = {EF4899C4-6E10-45C9-8E12-1D2177F0AB70}
	EndGlobalSection
EndGlobal
